
Microsoft Visual Studio Solution File, Format Version 12.00
# Visual Studio 15
VisualStudioVersion = 15.0.26730.16
MinimumVisualStudioVersion = 10.0.40219.1
Project("{FAE04EC0-301F-11D3-BF4B-00C04F79EFBC}") = "HipchatMTGBot", "Hip-Chat-Mtg-Bot\HipchatMTGBot.csproj", "{15391BF8-02B9-4238-A02A-B5DB2C06615C}"
EndProject
Project("{FAE04EC0-301F-11D3-BF4B-00C04F79EFBC}") = "WebJobs.Extensions.Slack", "..\azure-webjobs-sdk-extensions-slack\src\WebJobs.Extensions.Slack\WebJobs.Extensions.Slack.csproj", "{E28A24A1-D687-4B10-AE97-E3313E497D3F}"
EndProject
Project("{FAE04EC0-301F-11D3-BF4B-00C04F79EFBC}") = "MTGBotWebApp", "MTGBotWebApp\MTGBotWebApp.csproj", "{0689A179-3559-4683-8C0B-598CD5E0BE30}"
EndProject
Global
	GlobalSection(SolutionConfigurationPlatforms) = preSolution
		Debug|Any CPU = Debug|Any CPU
		Release|Any CPU = Release|Any CPU
	EndGlobalSection
	GlobalSection(ProjectConfigurationPlatforms) = postSolution
		{15391BF8-02B9-4238-A02A-B5DB2C06615C}.Debug|Any CPU.ActiveCfg = Debug|Any CPU
		{15391BF8-02B9-4238-A02A-B5DB2C06615C}.Debug|Any CPU.Build.0 = Debug|Any CPU
		{15391BF8-02B9-4238-A02A-B5DB2C06615C}.Release|Any CPU.ActiveCfg = Release|Any CPU
		{15391BF8-02B9-4238-A02A-B5DB2C06615C}.Release|Any CPU.Build.0 = Release|Any CPU
		{E28A24A1-D687-4B10-AE97-E3313E497D3F}.Debug|Any CPU.ActiveCfg = Debug|Any CPU
		{E28A24A1-D687-4B10-AE97-E3313E497D3F}.Debug|Any CPU.Build.0 = Debug|Any CPU
		{E28A24A1-D687-4B10-AE97-E3313E497D3F}.Release|Any CPU.ActiveCfg = Release|Any CPU
		{E28A24A1-D687-4B10-AE97-E3313E497D3F}.Release|Any CPU.Build.0 = Release|Any CPU
		{0689A179-3559-4683-8C0B-598CD5E0BE30}.Debug|Any CPU.ActiveCfg = Debug|Any CPU
		{0689A179-3559-4683-8C0B-598CD5E0BE30}.Debug|Any CPU.Build.0 = Debug|Any CPU
		{0689A179-3559-4683-8C0B-598CD5E0BE30}.Release|Any CPU.ActiveCfg = Release|Any CPU
		{0689A179-3559-4683-8C0B-598CD5E0BE30}.Release|Any CPU.Build.0 = Release|Any CPU
	EndGlobalSection
	GlobalSection(SolutionProperties) = preSolution
		HideSolutionNode = FALSE
	EndGlobalSection
	GlobalSection(ExtensibilityGlobals) = postSolution
		SolutionGuid = {AE0FA1DB-F612-4A23-8B82-51464DBE311E}
	EndGlobalSection
EndGlobal
